[dependencies]
  [dependencies.azure_pipelines]
    name = "azure_pipelines"
    full_name = "azure_pipelines_0.1.0"
    version = "0.1.0"
    url = "https://github.com/Azure/kcl-azure-pipelines/"
    commit = "4e9da98"
  [dependencies.k8s]
    name = "k8s"
    full_name = "k8s_1.32.4"
    version = "1.32.4"
    sum = "WrltC/mTXtdzmhBZxlvM71wJL5C/UZ/vW+bF3nFvNbM="
    reg = "ghcr.io"
    repo = "kcl-lang/k8s"
    oci_tag = "1.32.4"
